
Microsoft Visual Studio Solution File, Format Version 12.00
# Visual Studio 15
VisualStudioVersion = 15.0.28307.779
MinimumVisualStudioVersion = 10.0.40219.1
Project("{FAE04EC0-301F-11D3-BF4B-00C04F79EFBC}") = "ClassesSTP", "ClassesSTP\ClassesSTP.csproj", "{79E03789-0CD6-4F2D-80E7-CE235A6C3DED}"
EndProject
Project("{FAE04EC0-301F-11D3-BF4B-00C04F79EFBC}") = "StudentLibrary", "StudentLibrary\StudentLibrary.csproj", "{442B4EE6-039D-4C9B-9594-F706A20A59F8}"
EndProject
Project("{FAE04EC0-301F-11D3-BF4B-00C04F79EFBC}") = "ClassesSTP_WF", "ClassesSTP_WF\ClassesSTP_WF.csproj", "{429F644C-674C-40A7-8097-9765F72751D4}"
EndProject
Global
	GlobalSection(SolutionConfigurationPlatforms) = preSolution
		Debug|Any CPU = Debug|Any CPU
		Release|Any CPU = Release|Any CPU
	EndGlobalSection
	GlobalSection(ProjectConfigurationPlatforms) = postSolution
		{79E03789-0CD6-4F2D-80E7-CE235A6C3DED}.Debug|Any CPU.ActiveCfg = Debug|Any CPU
		{79E03789-0CD6-4F2D-80E7-CE235A6C3DED}.Debug|Any CPU.Build.0 = Debug|Any CPU
		{79E03789-0CD6-4F2D-80E7-CE235A6C3DED}.Release|Any CPU.ActiveCfg = Release|Any CPU
		{79E03789-0CD6-4F2D-80E7-CE235A6C3DED}.Release|Any CPU.Build.0 = Release|Any CPU
		{442B4EE6-039D-4C9B-9594-F706A20A59F8}.Debug|Any CPU.ActiveCfg = Debug|Any CPU
		{442B4EE6-039D-4C9B-9594-F706A20A59F8}.Debug|Any CPU.Build.0 = Debug|Any CPU
		{442B4EE6-039D-4C9B-9594-F706A20A59F8}.Release|Any CPU.ActiveCfg = Release|Any CPU
		{442B4EE6-039D-4C9B-9594-F706A20A59F8}.Release|Any CPU.Build.0 = Release|Any CPU
		{429F644C-674C-40A7-8097-9765F72751D4}.Debug|Any CPU.ActiveCfg = Debug|Any CPU
		{429F644C-674C-40A7-8097-9765F72751D4}.Debug|Any CPU.Build.0 = Debug|Any CPU
		{429F644C-674C-40A7-8097-9765F72751D4}.Release|Any CPU.ActiveCfg = Release|Any CPU
		{429F644C-674C-40A7-8097-9765F72751D4}.Release|Any CPU.Build.0 = Release|Any CPU
	EndGlobalSection
	GlobalSection(SolutionProperties) = preSolution
		HideSolutionNode = FALSE
	EndGlobalSection
	GlobalSection(ExtensibilityGlobals) = postSolution
		SolutionGuid = {3BDF2472-3B84-4622-86E0-A32788AE16D3}
	EndGlobalSection
EndGlobal
