
Microsoft Visual Studio Solution File, Format Version 12.00
# Visual Studio Version 16
VisualStudioVersion = 16.0.29709.97
MinimumVisualStudioVersion = 10.0.40219.1
Project("{FAE04EC0-301F-11D3-BF4B-00C04F79EFBC}") = "DoublyLinkedListQueue", "DoublyLinkedListQueue\DoublyLinkedListQueue.csproj", "{ADEBB57F-1C39-4059-97A3-DA0B8459377C}"
EndProject
Project("{9A19103F-16F7-4668-BE54-9A1E7A4F7556}") = "QueueLib", "QueueLib\QueueLib.csproj", "{18BCECF4-6865-481B-8022-D14CCF02DA7A}"
EndProject
Project("{FAE04EC0-301F-11D3-BF4B-00C04F79EFBC}") = "QueueLib.Tests", "QueueLib.Test\QueueLib.Tests.csproj", "{308098C8-B66B-4B72-8E35-5BDA0F8E7567}"
EndProject
Global
	GlobalSection(SolutionConfigurationPlatforms) = preSolution
		Debug|Any CPU = Debug|Any CPU
		Release|Any CPU = Release|Any CPU
	EndGlobalSection
	GlobalSection(ProjectConfigurationPlatforms) = postSolution
		{ADEBB57F-1C39-4059-97A3-DA0B8459377C}.Debug|Any CPU.ActiveCfg = Debug|Any CPU
		{ADEBB57F-1C39-4059-97A3-DA0B8459377C}.Debug|Any CPU.Build.0 = Debug|Any CPU
		{ADEBB57F-1C39-4059-97A3-DA0B8459377C}.Release|Any CPU.ActiveCfg = Release|Any CPU
		{ADEBB57F-1C39-4059-97A3-DA0B8459377C}.Release|Any CPU.Build.0 = Release|Any CPU
		{18BCECF4-6865-481B-8022-D14CCF02DA7A}.Debug|Any CPU.ActiveCfg = Debug|Any CPU
		{18BCECF4-6865-481B-8022-D14CCF02DA7A}.Debug|Any CPU.Build.0 = Debug|Any CPU
		{18BCECF4-6865-481B-8022-D14CCF02DA7A}.Release|Any CPU.ActiveCfg = Release|Any CPU
		{18BCECF4-6865-481B-8022-D14CCF02DA7A}.Release|Any CPU.Build.0 = Release|Any CPU
		{308098C8-B66B-4B72-8E35-5BDA0F8E7567}.Debug|Any CPU.ActiveCfg = Debug|Any CPU
		{308098C8-B66B-4B72-8E35-5BDA0F8E7567}.Debug|Any CPU.Build.0 = Debug|Any CPU
		{308098C8-B66B-4B72-8E35-5BDA0F8E7567}.Release|Any CPU.ActiveCfg = Release|Any CPU
		{308098C8-B66B-4B72-8E35-5BDA0F8E7567}.Release|Any CPU.Build.0 = Release|Any CPU
	EndGlobalSection
	GlobalSection(SolutionProperties) = preSolution
		HideSolutionNode = FALSE
	EndGlobalSection
	GlobalSection(ExtensibilityGlobals) = postSolution
		SolutionGuid = {8BA623D3-48C1-4984-A7BF-D61427B5CCAF}
	EndGlobalSection
EndGlobal
